
Microsoft Visual Studio Solution File, Format Version 12.00
# Visual Studio Version 16
VisualStudioVersion = 16.0.30611.23
MinimumVisualStudioVersion = 10.0.40219.1
Project("{FAE04EC0-301F-11D3-BF4B-00C04F79EFBC}") = "FloralShop", "FloralShop.csproj", "{04135508-B098-4614-8E8E-DFA5BB790B4B}"
EndProject
Global
	GlobalSection(SolutionConfigurationPlatforms) = preSolution
		Debug|Any CPU = Debug|Any CPU
		Release|Any CPU = Release|Any CPU
	EndGlobalSection
	GlobalSection(ProjectConfigurationPlatforms) = postSolution
		{04135508-B098-4614-8E8E-DFA5BB790B4B}.Debug|Any CPU.ActiveCfg = Debug|Any CPU
		{04135508-B098-4614-8E8E-DFA5BB790B4B}.Debug|Any CPU.Build.0 = Debug|Any CPU
		{04135508-B098-4614-8E8E-DFA5BB790B4B}.Release|Any CPU.ActiveCfg = Release|Any CPU
		{04135508-B098-4614-8E8E-DFA5BB790B4B}.Release|Any CPU.Build.0 = Release|Any CPU
	EndGlobalSection
	GlobalSection(SolutionProperties) = preSolution
		HideSolutionNode = FALSE
	EndGlobalSection
	GlobalSection(ExtensibilityGlobals) = postSolution
		SolutionGuid = {E0DA8F8B-C2AD-42EB-887E-352C0570474D}
	EndGlobalSection
EndGlobal
